# This file is automatically @generated by Cargo.
# It is not intended for manual editing.
version = 4

[[package]]
name = "android_system_properties"
version = "0.1.5"
source = "registry+https://github.com/rust-lang/crates.io-index"
checksum = "819e7219dbd41043ac279b19830f2efc897156490d7fd6ea916720117ee66311"
dependencies = [
 "libc",
]

[[package]]
name = "arrayvec"
version = "0.7.7"
source = "registry+https://github.com/rust-lang/crates.io-index"
checksum = "f02882884d3e1bc524fb12c79f107f6ad0e1cfd498c536ffb494301740995dfe"

[[package]]
name = "ash"
version = "0.37.3+1.3.251"
source = "registry+https://github.com/rust-lang/crates.io-index"
checksum = "39e9c3835d686b0a6084ab4234fcd1b07dbf6e4767dce60874b12356a25ecd4a"
dependencies = [
 "libloading 0.7.4",
]

[[package]]
name = "autocfg"
version = "1.5.1"
source = "registry+https://github.com/rust-lang/crates.io-index"
checksum = "f2032f911046de80f0a198e0901378627c33f59ea0ac00e363d481118bd70a53"

[[package]]
name = "bit-set"
version = "0.5.3"
source = "registry+https://github.com/rust-lang/crates.io-index"
checksum = "0700ddab506f33b20a03b13996eccd309a48e5ff77d0d95926aa0210fb4e95f1"
dependencies = [
 "bit-vec",
]

[[package]]
name = "bit-vec"
version = "0.6.3"
source = "registry+https://github.com/rust-lang/crates.io-index"
checksum = "349f9b6a179ed607305526ca489b34ad0a41aed5f7980fa90eb03160b69598fb"

[[package]]
name = "bitflags"
version = "1.3.2"
source = "registry+https://github.com/rust-lang/crates.io-index"
checksum = "bef38d45163c2f1dde094a7dfd33ccf595c92905c8f8f4fdc18d06fb1037718a"

[[package]]
name = "bitflags"
version = "2.13.0"
source = "registry+https://github.com/rust-lang/crates.io-index"
checksum = "b4388bee8683e3d04af747c73422af53102d2bd24d9eadb6cbc100baef4b43f8"

[[package]]
name = "block"
version = "0.1.6"
source = "registry+https://github.com/rust-lang/crates.io-index"
checksum = "0d8c1fef690941d3e7788d328517591fecc684c084084702d6ff1641e993699a"

[[package]]
name = "bumpalo"
version = "3.20.3"
source = "registry+https://github.com/rust-lang/crates.io-index"
checksum = "72f5acc6cb2ba439de613abc23857ec3d78374d8ed5ac84e9d11336e87da8649"

[[package]]
name = "bytemuck"
version = "1.25.0"
source = "registry+https://github.com/rust-lang/crates.io-index"
checksum = "c8efb64bd706a16a1bdde310ae86b351e4d21550d98d056f22f8a7f7a2183fec"
dependencies = [
 "bytemuck_derive",
]

[[package]]
name = "bytemuck_derive"
version = "1.10.2"
source = "registry+https://github.com/rust-lang/crates.io-index"
checksum = "f9abbd1bc6865053c427f7198e6af43bfdedc55ab791faed4fbd361d789575ff"
dependencies = [
 "proc-macro2",
 "quote",
 "syn 2.0.118",
]

[[package]]
name = "cfg-if"
version = "1.0.4"
source = "registry+https://github.com/rust-lang/crates.io-index"
checksum = "9330f8b2ff13f34540b44e946ef35111825727b38d33286ef986142615121801"

[[package]]
name = "cfg_aliases"
version = "0.1.1"
source = "registry+https://github.com/rust-lang/crates.io-index"
checksum = "fd16c4719339c4530435d38e511904438d07cce7950afa3718a84ac36c10e89e"

[[package]]
name = "codespan-reporting"
version = "0.11.1"
source = "registry+https://github.com/rust-lang/crates.io-index"
checksum = "3538270d33cc669650c4b093848450d380def10c331d38c768e34cac80576e6e"
dependencies = [
 "termcolor",
 "unicode-width",
]

[[package]]
name = "com"
version = "0.6.0"
source = "registry+https://github.com/rust-lang/crates.io-index"
checksum = "7e17887fd17353b65b1b2ef1c526c83e26cd72e74f598a8dc1bee13a48f3d9f6"
dependencies = [
 "com_macros",
]

[[package]]
name = "com_macros"
version = "0.6.0"
source = "registry+https://github.com/rust-lang/crates.io-index"
checksum = "d375883580a668c7481ea6631fc1a8863e33cc335bf56bfad8d7e6d4b04b13a5"
dependencies = [
 "com_macros_support",
 "proc-macro2",
 "syn 1.0.109",
]

[[package]]
name = "com_macros_support"
version = "0.6.0"
source = "registry+https://github.com/rust-lang/crates.io-index"
checksum = "ad899a1087a9296d5644792d7cb72b8e34c1bec8e7d4fbc002230169a6e8710c"
dependencies = [
 "proc-macro2",
 "quote",
 "syn 1.0.109",
]

[[package]]
name = "core-foundation"
version = "0.9.4"
source = "registry+https://github.com/rust-lang/crates.io-index"
checksum = "91e195e091a93c46f7102ec7818a2aa394e1e1771c3ab4825963fa03e45afb8f"
dependencies = [
 "core-foundation-sys",
 "libc",
]

[[package]]
name = "core-foundation-sys"
version = "0.8.7"
source = "registry+https://github.com/rust-lang/crates.io-index"
checksum = "773648b94d0e5d620f64f280777445740e61fe701025087ec8b57f45c791888b"

[[package]]
name = "core-graphics-types"
version = "0.1.3"
source = "registry+https://github.com/rust-lang/crates.io-index"
checksum = "45390e6114f68f718cc7a830514a96f903cccd70d02a8f6d9f643ac4ba45afaf"
dependencies = [
 "bitflags 1.3.2",
 "core-foundation",
 "libc",
]

[[package]]
name = "d3d12"
version = "0.20.0"
source = "registry+https://github.com/rust-lang/crates.io-index"
checksum = "b28bfe653d79bd16c77f659305b195b82bb5ce0c0eb2a4846b82ddbd77586813"
dependencies = [
 "bitflags 2.13.0",
 "libloading 0.8.9",
 "winapi",
]

[[package]]
name = "document-features"
version = "0.2.12"
source = "registry+https://github.com/rust-lang/crates.io-index"
checksum = "d4b8a88685455ed29a21542a33abd9cb6510b6b129abadabdcef0f4c55bc8f61"
dependencies = [
 "litrs",
]

[[package]]
name = "equivalent"
version = "1.0.2"
source = "registry+https://github.com/rust-lang/crates.io-index"
checksum = "877a4ace8713b0bcf2a4e7eec82529c029f1d0619886d18145fea96c3ffe5c0f"

[[package]]
name = "foldhash"
version = "0.1.5"
source = "registry+https://github.com/rust-lang/crates.io-index"
checksum = "d9c4f5dac5e15c24eb999c26181a6ca40b39fe946cbe4c263c7209467bc83af2"

[[package]]
name = "foreign-types"
version = "0.5.0"
source = "registry+https://github.com/rust-lang/crates.io-index"
checksum = "d737d9aa519fb7b749cbc3b962edcf310a8dd1f4b67c91c4f83975dbdd17d965"
dependencies = [
 "foreign-types-macros",
 "foreign-types-shared",
]

[[package]]
name = "foreign-types-macros"
version = "0.2.3"
source = "registry+https://github.com/rust-lang/crates.io-index"
checksum = "1a5c6c585bc94aaf2c7b51dd4c2ba22680844aba4c687be581871a6f518c5742"
dependencies = [
 "proc-macro2",
 "quote",
 "syn 2.0.118",
]

[[package]]
name = "foreign-types-shared"
version = "0.3.1"
source = "registry+https://github.com/rust-lang/crates.io-index"
checksum = "aa9a19cbb55df58761df49b23516a86d432839add4af60fc256da840f66ed35b"

[[package]]
name = "futures-core"
version = "0.3.32"
source = "registry+https://github.com/rust-lang/crates.io-index"
checksum = "7e3450815272ef58cec6d564423f6e755e25379b217b0bc688e295ba24df6b1d"

[[package]]
name = "futures-task"
version = "0.3.32"
source = "registry+https://github.com/rust-lang/crates.io-index"
checksum = "037711b3d59c33004d3856fbdc83b99d4ff37a24768fa1be9ce3538a1cde4393"

[[package]]
name = "futures-util"
version = "0.3.32"
source = "registry+https://github.com/rust-lang/crates.io-index"
checksum = "389ca41296e6190b48053de0321d02a77f32f8a5d2461dd38762c0593805c6d6"
dependencies = [
 "futures-core",
 "futures-task",
 "pin-project-lite",
 "slab",
]

[[package]]
name = "gl_generator"
version = "0.14.0"
source = "registry+https://github.com/rust-lang/crates.io-index"
checksum = "1a95dfc23a2b4a9a2f5ab41d194f8bfda3cabec42af4e39f08c339eb2a0c124d"
dependencies = [
 "khronos_api",
 "log",
 "xml-rs",
]

[[package]]
name = "glow"
version = "0.13.1"
source = "registry+https://github.com/rust-lang/crates.io-index"
checksum = "bd348e04c43b32574f2de31c8bb397d96c9fcfa1371bd4ca6d8bdc464ab121b1"
dependencies = [
 "js-sys",
 "slotmap",
 "wasm-bindgen",
 "web-sys",
]

[[package]]
name = "glutin_wgl_sys"
version = "0.5.0"
source = "registry+https://github.com/rust-lang/crates.io-index"
checksum = "6c8098adac955faa2d31079b65dc48841251f69efd3ac25477903fc424362ead"
dependencies = [
 "gl_generator",
]

[[package]]
name = "gpu-alloc"
version = "0.6.0"
source = "registry+https://github.com/rust-lang/crates.io-index"
checksum = "fbcd2dba93594b227a1f57ee09b8b9da8892c34d55aa332e034a228d0fe6a171"
dependencies = [
 "bitflags 2.13.0",
 "gpu-alloc-types",
]

[[package]]
name = "gpu-alloc-types"
version = "0.3.0"
source = "registry+https://github.com/rust-lang/crates.io-index"
checksum = "98ff03b468aa837d70984d55f5d3f846f6ec31fe34bbb97c4f85219caeee1ca4"
dependencies = [
 "bitflags 2.13.0",
]

[[package]]
name = "gpu-allocator"
version = "0.25.0"
source = "registry+https://github.com/rust-lang/crates.io-index"
checksum = "6f56f6318968d03c18e1bcf4857ff88c61157e9da8e47c5f29055d60e1228884"
dependencies = [
 "log",
 "presser",
 "thiserror",
 "winapi",
 "windows",
]

[[package]]
name = "gpu-descriptor"
version = "0.3.2"
source = "registry+https://github.com/rust-lang/crates.io-index"
checksum = "b89c83349105e3732062a895becfc71a8f921bb71ecbbdd8ff99263e3b53a0ca"
dependencies = [
 "bitflags 2.13.0",
 "gpu-descriptor-types",
 "hashbrown 0.15.5",
]

[[package]]
name = "gpu-descriptor-types"
version = "0.2.0"
source = "registry+https://github.com/rust-lang/crates.io-index"
checksum = "fdf242682df893b86f33a73828fb09ca4b2d3bb6cc95249707fc684d27484b91"
dependencies = [
 "bitflags 2.13.0",
]

[[package]]
name = "hashbrown"
version = "0.15.5"
source = "registry+https://github.com/rust-lang/crates.io-index"
checksum = "9229cfe53dfd69f0609a49f65461bd93001ea1ef889cd5529dd176593f5338a1"
dependencies = [
 "foldhash",
]

[[package]]
name = "hashbrown"
version = "0.17.1"
source = "registry+https://github.com/rust-lang/crates.io-index"
checksum = "ed5909b6e89a2db4456e54cd5f673791d7eca6732202bbf2a9cc504fe2f9b84a"

[[package]]
name = "hassle-rs"
version = "0.11.0"
source = "registry+https://github.com/rust-lang/crates.io-index"
checksum = "af2a7e73e1f34c48da31fb668a907f250794837e08faa144fd24f0b8b741e890"
dependencies = [
 "bitflags 2.13.0",
 "com",
 "libc",
 "libloading 0.8.9",
 "thiserror",
 "widestring",
 "winapi",
]

[[package]]
name = "hexf-parse"
version = "0.2.1"
source = "registry+https://github.com/rust-lang/crates.io-index"
checksum = "dfa686283ad6dd069f105e5ab091b04c62850d3e4cf5d67debad1933f55023df"

[[package]]
name = "indexmap"
version = "2.14.0"
source = "registry+https://github.com/rust-lang/crates.io-index"
checksum = "d466e9454f08e4a911e14806c24e16fba1b4c121d1ea474396f396069cf949d9"
dependencies = [
 "equivalent",
 "hashbrown 0.17.1",
]

[[package]]
name = "jni-sys"
version = "0.3.1"
source = "registry+https://github.com/rust-lang/crates.io-index"
checksum = "41a652e1f9b6e0275df1f15b32661cf0d4b78d4d87ddec5e0c3c20f097433258"
dependencies = [
 "jni-sys 0.4.1",
]

[[package]]
name = "jni-sys"
version = "0.4.1"
source = "registry+https://github.com/rust-lang/crates.io-index"
checksum = "c6377a88cb3910bee9b0fa88d4f42e1d2da8e79915598f65fb0c7ee14c878af2"
dependencies = [
 "jni-sys-macros",
]

[[package]]
name = "jni-sys-macros"
version = "0.4.1"
source = "registry+https://github.com/rust-lang/crates.io-index"
checksum = "38c0b942f458fe50cdac086d2f946512305e5631e720728f2a61aabcd47a6264"
dependencies = [
 "quote",
 "syn 2.0.118",
]

[[package]]
name = "js-sys"
version = "0.3.103"
source = "registry+https://github.com/rust-lang/crates.io-index"
checksum = "53b44bfcdb3f8d5837a46dae1ca9660a837176eee74a28b229bc626816589102"
dependencies = [
 "cfg-if",
 "futures-util",
 "wasm-bindgen",
]

[[package]]
name = "khronos-egl"
version = "6.0.0"
source = "registry+https://github.com/rust-lang/crates.io-index"
checksum = "6aae1df220ece3c0ada96b8153459b67eebe9ae9212258bb0134ae60416fdf76"
dependencies = [
 "libc",
 "libloading 0.8.9",
 "pkg-config",
]

[[package]]
name = "khronos_api"
version = "3.1.0"
source = "registry+https://github.com/rust-lang/crates.io-index"
checksum = "e2db585e1d738fc771bf08a151420d3ed193d9d895a36df7f6f8a9456b911ddc"

[[package]]
name = "libc"
version = "0.2.186"
source = "registry+https://github.com/rust-lang/crates.io-index"
checksum = "68ab91017fe16c622486840e4c83c9a37afeff978bd239b5293d61ece587de66"

[[package]]
name = "libloading"
version = "0.7.4"
source = "registry+https://github.com/rust-lang/crates.io-index"
checksum = "b67380fd3b2fbe7527a606e18729d21c6f3951633d0500574c4dc22d2d638b9f"
dependencies = [
 "cfg-if",
 "winapi",
]

[[package]]
name = "libloading"
version = "0.8.9"
source = "registry+https://github.com/rust-lang/crates.io-index"
checksum = "d7c4b02199fee7c5d21a5ae7d8cfa79a6ef5bb2fc834d6e9058e89c825efdc55"
dependencies = [
 "cfg-if",
 "windows-link",
]

[[package]]
name = "litrs"
version = "1.0.0"
source = "registry+https://github.com/rust-lang/crates.io-index"
checksum = "11d3d7f243d5c5a8b9bb5d6dd2b1602c0cb0b9db1621bafc7ed66e35ff9fe092"

[[package]]
name = "lock_api"
version = "0.4.14"
source = "registry+https://github.com/rust-lang/crates.io-index"
checksum = "224399e74b87b5f3557511d98dff8b14089b3dadafcab6bb93eab67d3aace965"
dependencies = [
 "scopeguard",
]

[[package]]
name = "log"
version = "0.4.33"
source = "registry+https://github.com/rust-lang/crates.io-index"
checksum = "0ceec5bc11778974d1bcb055b18002eba7f4b3518b6a0081b3af5f21666da9ad"

[[package]]
name = "malloc_buf"
version = "0.0.6"
source = "registry+https://github.com/rust-lang/crates.io-index"
checksum = "62bb907fe88d54d8d9ce32a3cceab4218ed2f6b7d35617cafe9adf84e43919cb"
dependencies = [
 "libc",
]

[[package]]
name = "metal"
version = "0.28.0"
source = "registry+https://github.com/rust-lang/crates.io-index"
checksum = "5637e166ea14be6063a3f8ba5ccb9a4159df7d8f6d61c02fc3d480b1f90dcfcb"
dependencies = [
 "bitflags 2.13.0",
 "block",
 "core-graphics-types",
 "foreign-types",
 "log",
 "objc",
 "paste",
]

[[package]]
name = "naga"
version = "0.20.0"
source = "registry+https://github.com/rust-lang/crates.io-index"
checksum = "e536ae46fcab0876853bd4a632ede5df4b1c2527a58f6c5a4150fe86be858231"
dependencies = [
 "arrayvec",
 "bit-set",
 "bitflags 2.13.0",
 "codespan-reporting",
 "hexf-parse",
 "indexmap",
 "log",
 "num-traits",
 "rustc-hash",
 "spirv",
 "termcolor",
 "thiserror",
 "unicode-xid",
]

[[package]]
name = "ndk-sys"
version = "0.5.0+25.2.9519653"
source = "registry+https://github.com/rust-lang/crates.io-index"
checksum = "8c196769dd60fd4f363e11d948139556a344e79d451aeb2fa2fd040738ef7691"
dependencies = [
 "jni-sys 0.3.1",
]

[[package]]
name = "num-traits"
version = "0.2.19"
source = "registry+https://github.com/rust-lang/crates.io-index"
checksum = "071dfc062690e90b734c0b2273ce72ad0ffa95f0c74596bc250dcfd960262841"
dependencies = [
 "autocfg",
]

[[package]]
name = "objc"
version = "0.2.7"
source = "registry+https://github.com/rust-lang/crates.io-index"
checksum = "915b1b472bc21c53464d6c8461c9d3af805ba1ef837e1cac254428f4a77177b1"
dependencies = [
 "malloc_buf",
]

[[package]]
name = "once_cell"
version = "1.21.4"
source = "registry+https://github.com/rust-lang/crates.io-index"
checksum = "9f7c3e4beb33f85d45ae3e3a1792185706c8e16d043238c593331cc7cd313b50"

[[package]]
name = "parking_lot"
version = "0.12.5"
source = "registry+https://github.com/rust-lang/crates.io-index"
checksum = "93857453250e3077bd71ff98b6a65ea6621a19bb0f559a85248955ac12c45a1a"
dependencies = [
 "lock_api",
 "parking_lot_core",
]

[[package]]
name = "parking_lot_core"
version = "0.9.12"
source = "registry+https://github.com/rust-lang/crates.io-index"
checksum = "2621685985a2ebf1c516881c026032ac7deafcda1a2c9b7850dc81e3dfcb64c1"
dependencies = [
 "cfg-if",
 "libc",
 "redox_syscall",
 "smallvec",
 "windows-link",
]

[[package]]
name = "paste"
version = "1.0.15"
source = "registry+https://github.com/rust-lang/crates.io-index"
checksum = "57c0d7b74b563b49d38dae00a0c37d4d6de9b432382b2892f0574ddcae73fd0a"

[[package]]
name = "pin-project-lite"
version = "0.2.17"
source = "registry+https://github.com/rust-lang/crates.io-index"
checksum = "a89322df9ebe1c1578d689c92318e070967d1042b512afbe49518723f4e6d5cd"

[[package]]
name = "pkg-config"
version = "0.3.33"
source = "registry+https://github.com/rust-lang/crates.io-index"
checksum = "19f132c84eca552bf34cab8ec81f1c1dcc229b811638f9d283dceabe58c5569e"

[[package]]
name = "pollster"
version = "0.3.0"
source = "registry+https://github.com/rust-lang/crates.io-index"
checksum = "22686f4785f02a4fcc856d3b3bb19bf6c8160d103f7a99cc258bddd0251dc7f2"

[[package]]
name = "presser"
version = "0.3.1"
source = "registry+https://github.com/rust-lang/crates.io-index"
checksum = "e8cf8e6a8aa66ce33f63993ffc4ea4271eb5b0530a9002db8455ea6050c77bfa"

[[package]]
name = "proc-macro2"
version = "1.0.106"
source = "registry+https://github.com/rust-lang/crates.io-index"
checksum = "8fd00f0bb2e90d81d1044c2b32617f68fcb9fa3bb7640c23e9c748e53fb30934"
dependencies = [
 "unicode-ident",
]

[[package]]
name = "profiling"
version = "1.0.18"
source = "registry+https://github.com/rust-lang/crates.io-index"
checksum = "3d595e54a326bc53c1c197b32d295e14b169e3cfeaa8dc82b529f947fba6bcf5"

[[package]]
name = "quote"
version = "1.0.46"
source = "registry+https://github.com/rust-lang/crates.io-index"
checksum = "dfbc457d0c7a0759a614551b11a6409e5951f6c7537be1f1b7682b9ae9230368"
dependencies = [
 "proc-macro2",
]

[[package]]
name = "range-alloc"
version = "0.1.5"
source = "registry+https://github.com/rust-lang/crates.io-index"
checksum = "ca45419789ae5a7899559e9512e58ca889e41f04f1f2445e9f4b290ceccd1d08"

[[package]]
name = "raw-window-handle"
version = "0.6.2"
source = "registry+https://github.com/rust-lang/crates.io-index"
checksum = "20675572f6f24e9e76ef639bc5552774ed45f1c30e2951e1e99c59888861c539"

[[package]]
name = "redox_syscall"
version = "0.5.18"
source = "registry+https://github.com/rust-lang/crates.io-index"
checksum = "ed2bf2547551a7053d6fdfafda3f938979645c44812fbfcda098faae3f1a362d"
dependencies = [
 "bitflags 2.13.0",
]

[[package]]
name = "renderdoc-sys"
version = "1.1.0"
source = "registry+https://github.com/rust-lang/crates.io-index"
checksum = "19b30a45b0cd0bcca8037f3d0dc3421eaf95327a17cad11964fb8179b4fc4832"

[[package]]
name = "rustc-hash"
version = "1.1.0"
source = "registry+https://github.com/rust-lang/crates.io-index"
checksum = "08d43f7aa6b08d49f382cde6a7982047c3426db949b1424bc4b7ec9ae12c6ce2"

[[package]]
name = "rustversion"
version = "1.0.22"
source = "registry+https://github.com/rust-lang/crates.io-index"
checksum = "b39cdef0fa800fc44525c84ccb54a029961a8215f9619753635a9c0d2538d46d"

[[package]]
name = "scopeguard"
version = "1.2.0"
source = "registry+https://github.com/rust-lang/crates.io-index"
checksum = "94143f37725109f92c262ed2cf5e59bce7498c01bcc1502d7b9afe439a4e9f49"

[[package]]
name = "slab"
version = "0.4.12"
source = "registry+https://github.com/rust-lang/crates.io-index"
checksum = "0c790de23124f9ab44544d7ac05d60440adc586479ce501c1d6d7da3cd8c9cf5"

[[package]]
name = "slotmap"
version = "1.1.1"
source = "registry+https://github.com/rust-lang/crates.io-index"
checksum = "bdd58c3c93c3d278ca835519292445cb4b0d4dc59ccfdf7ceadaab3f8aeb4038"
dependencies = [
 "version_check",
]

[[package]]
name = "smallvec"
version = "1.15.2"
source = "registry+https://github.com/rust-lang/crates.io-index"
checksum = "8ed6a63f02c8539c91a8685a86f4099661ba3da017932f6ebbea6de3f0fa7c90"

[[package]]
name = "spirv"
version = "0.3.0+sdk-1.3.268.0"
source = "registry+https://github.com/rust-lang/crates.io-index"
checksum = "eda41003dc44290527a59b13432d4a0379379fa074b70174882adfbdfd917844"
dependencies = [
 "bitflags 2.13.0",
]

[[package]]
name = "static_assertions"
version = "1.1.0"
source = "registry+https://github.com/rust-lang/crates.io-index"
checksum = "a2eb9349b6444b326872e140eb1cf5e7c522154d69e7a0ffb0fb81c06b37543f"

[[package]]
name = "syn"
version = "1.0.109"
source = "registry+https://github.com/rust-lang/crates.io-index"
checksum = "72b64191b275b66ffe2469e8af2c1cfe3bafa67b529ead792a6d0160888b4237"
dependencies = [
 "proc-macro2",
 "quote",
 "unicode-ident",
]

[[package]]
name = "syn"
version = "2.0.118"
source = "registry+https://github.com/rust-lang/crates.io-index"
checksum = "1b9ae57f904213ebb649ce6895b8a66c66f0203b9319718f69a5612a065b1422"
dependencies = [
 "proc-macro2",
 "quote",
 "unicode-ident",
]

[[package]]
name = "termcolor"
version = "1.4.1"
source = "registry+https://github.com/rust-lang/crates.io-index"
checksum = "06794f8f6c5c898b3275aebefa6b8a1cb24cd2c6c79397ab15774837a0bc5755"
dependencies = [
 "winapi-util",
]

[[package]]
name = "thiserror"
version = "1.0.69"
source = "registry+https://github.com/rust-lang/crates.io-index"
checksum = "b6aaf5339b578ea85b50e080feb250a3e8ae8cfcdff9a461c9ec2904bc923f52"
dependencies = [
 "thiserror-impl",
]

[[package]]
name = "thiserror-impl"
version = "1.0.69"
source = "registry+https://github.com/rust-lang/crates.io-index"
checksum = "4fee6c4efc90059e10f81e6d42c60a18f76588c3d74cb83a0b242a2b6c7504c1"
dependencies = [
 "proc-macro2",
 "quote",
 "syn 2.0.118",
]

[[package]]
name = "unicode-ident"
version = "1.0.24"
source = "registry+https://github.com/rust-lang/crates.io-index"
checksum = "e6e4313cd5fcd3dad5cafa179702e2b244f760991f45397d14d4ebf38247da75"

[[package]]
name = "unicode-width"
version = "0.1.14"
source = "registry+https://github.com/rust-lang/crates.io-index"
checksum = "7dd6e30e90baa6f72411720665d41d89b9a3d039dc45b8faea1ddd07f617f6af"

[[package]]
name = "unicode-xid"
version = "0.2.6"
source = "registry+https://github.com/rust-lang/crates.io-index"
checksum = "ebc1c04c71510c7f702b52b7c350734c9ff1295c464a03335b00bb84fc54f853"

[[package]]
name = "version_check"
version = "0.9.5"
source = "registry+https://github.com/rust-lang/crates.io-index"
checksum = "0b928f33d975fc6ad9f86c8f283853ad26bdd5b10b7f1542aa2fa15e2289105a"

[[package]]
name = "wasm-bindgen"
version = "0.2.126"
source = "registry+https://github.com/rust-lang/crates.io-index"
checksum = "4b067c0c11094aef6b7a801c1e34a26affafdf3d051dba08456b868789aaf9a4"
dependencies = [
 "cfg-if",
 "once_cell",
 "rustversion",
 "wasm-bindgen-macro",
 "wasm-bindgen-shared",
]

[[package]]
name = "wasm-bindgen-futures"
version = "0.4.76"
source = "registry+https://github.com/rust-lang/crates.io-index"
checksum = "c62df1340f32221cb9c54d6a27b030e3dba64361d4a95bed55f9aacb44da291d"
dependencies = [
 "js-sys",
 "wasm-bindgen",
]

[[package]]
name = "wasm-bindgen-macro"
version = "0.2.126"
source = "registry+https://github.com/rust-lang/crates.io-index"
checksum = "167ce5e579f6bcf889c4f7175a8a5a585de84e8ff93976ce393efa5f2837aab1"
dependencies = [
 "quote",
 "wasm-bindgen-macro-support",
]

[[package]]
name = "wasm-bindgen-macro-support"
version = "0.2.126"
source = "registry+https://github.com/rust-lang/crates.io-index"
checksum = "f3997c7839262f4ef12cf90b818d6340c18e80f263f1a94bf157d0ec4420380e"
dependencies = [
 "bumpalo",
 "proc-macro2",
 "quote",
 "syn 2.0.118",
 "wasm-bindgen-shared",
]

[[package]]
name = "wasm-bindgen-shared"
version = "0.2.126"
source = "registry+https://github.com/rust-lang/crates.io-index"
checksum = "dc1b4cb0cc549fcf58d7dfc081778139b3d283a081644e833e84682ad71cea24"
dependencies = [
 "unicode-ident",
]

[[package]]
name = "web-sys"
version = "0.3.103"
source = "registry+https://github.com/rust-lang/crates.io-index"
checksum = "8622dcb61c0bcc9fffa6938bed81210af2da9a7e4a1a834b2e37a59b6dfb6141"
dependencies = [
 "js-sys",
 "wasm-bindgen",
]

[[package]]
name = "wgpu"
version = "0.20.1"
source = "registry+https://github.com/rust-lang/crates.io-index"
checksum = "90e37c7b9921b75dfd26dd973fdcbce36f13dfa6e2dc82aece584e0ed48c355c"
dependencies = [
 "arrayvec",
 "cfg-if",
 "cfg_aliases",
 "document-features",
 "js-sys",
 "log",
 "naga",
 "parking_lot",
 "profiling",
 "raw-window-handle",
 "smallvec",
 "static_assertions",
 "wasm-bindgen",
 "wasm-bindgen-futures",
 "web-sys",
 "wgpu-core",
 "wgpu-hal",
 "wgpu-types",
]

[[package]]
name = "wgpu-core"
version = "0.21.1"
source = "registry+https://github.com/rust-lang/crates.io-index"
checksum = "d50819ab545b867d8a454d1d756b90cd5f15da1f2943334ca314af10583c9d39"
dependencies = [
 "arrayvec",
 "bit-vec",
 "bitflags 2.13.0",
 "cfg_aliases",
 "codespan-reporting",
 "document-features",
 "indexmap",
 "log",
 "naga",
 "once_cell",
 "parking_lot",
 "profiling",
 "raw-window-handle",
 "rustc-hash",
 "smallvec",
 "thiserror",
 "web-sys",
 "wgpu-hal",
 "wgpu-types",
]

[[package]]
name = "wgpu-hal"
version = "0.21.1"
source = "registry+https://github.com/rust-lang/crates.io-index"
checksum = "172e490a87295564f3fcc0f165798d87386f6231b04d4548bca458cbbfd63222"
dependencies = [
 "android_system_properties",
 "arrayvec",
 "ash",
 "bit-set",
 "bitflags 2.13.0",
 "block",
 "cfg_aliases",
 "core-graphics-types",
 "d3d12",
 "glow",
 "glutin_wgl_sys",
 "gpu-alloc",
 "gpu-allocator",
 "gpu-descriptor",
 "hassle-rs",
 "js-sys",
 "khronos-egl",
 "libc",
 "libloading 0.8.9",
 "log",
 "metal",
 "naga",
 "ndk-sys",
 "objc",
 "once_cell",
 "parking_lot",
 "profiling",
 "range-alloc",
 "raw-window-handle",
 "renderdoc-sys",
 "rustc-hash",
 "smallvec",
 "thiserror",
 "wasm-bindgen",
 "web-sys",
 "wgpu-types",
 "winapi",
]

[[package]]
name = "wgpu-types"
version = "0.20.0"
source = "registry+https://github.com/rust-lang/crates.io-index"
checksum = "1353d9a46bff7f955a680577f34c69122628cc2076e1d6f3a9be6ef00ae793ef"
dependencies = [
 "bitflags 2.13.0",
 "js-sys",
 "web-sys",
]

[[package]]
name = "wgsl-quickses"
version = "0.1.0"
dependencies = [
 "bytemuck",
 "pollster",
 "wgpu",
]

[[package]]
name = "widestring"
version = "1.2.1"
source = "registry+https://github.com/rust-lang/crates.io-index"
checksum = "72069c3113ab32ab29e5584db3c6ec55d416895e60715417b5b883a357c3e471"

[[package]]
name = "winapi"
version = "0.3.9"
source = "registry+https://github.com/rust-lang/crates.io-index"
checksum = "5c839a674fcd7a98952e593242ea400abe93992746761e38641405d28b00f419"
dependencies = [
 "winapi-i686-pc-windows-gnu",
 "winapi-x86_64-pc-windows-gnu",
]

[[package]]
name = "winapi-i686-pc-windows-gnu"
version = "0.4.0"
source = "registry+https://github.com/rust-lang/crates.io-index"
checksum = "ac3b87c63620426dd9b991e5ce0329eff545bccbbb34f3be09ff6fb6ab51b7b6"

[[package]]
name = "winapi-util"
version = "0.1.11"
source = "registry+https://github.com/rust-lang/crates.io-index"
checksum = "c2a7b1c03c876122aa43f3020e6c3c3ee5c05081c9a00739faf7503aeba10d22"
dependencies = [
 "windows-sys",
]

[[package]]
name = "winapi-x86_64-pc-windows-gnu"
version = "0.4.0"
source = "registry+https://github.com/rust-lang/crates.io-index"
checksum = "712e227841d057c1ee1cd2fb22fa7e5a5461ae8e48fa2ca79ec42cfc1931183f"

[[package]]
name = "windows"
version = "0.52.0"
source = "registry+https://github.com/rust-lang/crates.io-index"
checksum = "e48a53791691ab099e5e2ad123536d0fff50652600abaf43bbf952894110d0be"
dependencies = [
 "windows-core",
 "windows-targets",
]

[[package]]
name = "windows-core"
version = "0.52.0"
source = "registry+https://github.com/rust-lang/crates.io-index"
checksum = "33ab640c8d7e35bf8ba19b884ba838ceb4fba93a4e8c65a9059d08afcfc683d9"
dependencies = [
 "windows-targets",
]

[[package]]
name = "windows-link"
version = "0.2.1"
source = "registry+https://github.com/rust-lang/crates.io-index"
checksum = "f0805222e57f7521d6a62e36fa9163bc891acd422f971defe97d64e70d0a4fe5"

[[package]]
name = "windows-sys"
version = "0.61.2"
source = "registry+https://github.com/rust-lang/crates.io-index"
checksum = "ae137229bcbd6cdf0f7b80a31df61766145077ddf49416a728b02cb3921ff3fc"
dependencies = [
 "windows-link",
]

[[package]]
name = "windows-targets"
version = "0.52.6"
source = "registry+https://github.com/rust-lang/crates.io-index"
checksum = "9b724f72796e036ab90c1021d4780d4d3d648aca59e491e6b98e725b84e99973"
dependencies = [
 "windows_aarch64_gnullvm",
 "windows_aarch64_msvc",
 "windows_i686_gnu",
 "windows_i686_gnullvm",
 "windows_i686_msvc",
 "windows_x86_64_gnu",
 "windows_x86_64_gnullvm",
 "windows_x86_64_msvc",
]

[[package]]
name = "windows_aarch64_gnullvm"
version = "0.52.6"
source = "registry+https://github.com/rust-lang/crates.io-index"
checksum = "32a4622180e7a0ec044bb555404c800bc9fd9ec262ec147edd5989ccd0c02cd3"

[[package]]
name = "windows_aarch64_msvc"
version = "0.52.6"
source = "registry+https://github.com/rust-lang/crates.io-index"
checksum = "09ec2a7bb152e2252b53fa7803150007879548bc709c039df7627cabbd05d469"

[[package]]
name = "windows_i686_gnu"
version = "0.52.6"
source = "registry+https://github.com/rust-lang/crates.io-index"
checksum = "8e9b5ad5ab802e97eb8e295ac6720e509ee4c243f69d781394014ebfe8bbfa0b"

[[package]]
name = "windows_i686_gnullvm"
version = "0.52.6"
source = "registry+https://github.com/rust-lang/crates.io-index"
checksum = "0eee52d38c090b3caa76c563b86c3a4bd71ef1a819287c19d586d7334ae8ed66"

[[package]]
name = "windows_i686_msvc"
version = "0.52.6"
source = "registry+https://github.com/rust-lang/crates.io-index"
checksum = "240948bc05c5e7c6dabba28bf89d89ffce3e303022809e73deaefe4f6ec56c66"

[[package]]
name = "windows_x86_64_gnu"
version = "0.52.6"
source = "registry+https://github.com/rust-lang/crates.io-index"
checksum = "147a5c80aabfbf0c7d901cb5895d1de30ef2907eb21fbbab29ca94c5b08b1a78"

[[package]]
name = "windows_x86_64_gnullvm"
version = "0.52.6"
source = "registry+https://github.com/rust-lang/crates.io-index"
checksum = "24d5b23dc417412679681396f2b49f3de8c1473deb516bd34410872eff51ed0d"

[[package]]
name = "windows_x86_64_msvc"
version = "0.52.6"
source = "registry+https://github.com/rust-lang/crates.io-index"
checksum = "589f6da84c646204747d1270a2a5661ea66ed1cced2631d546fdfb155959f9ec"

[[package]]
name = "xml-rs"
version = "0.8.28"
source = "registry+https://github.com/rust-lang/crates.io-index"
checksum = "3ae8337f8a065cfc972643663ea4279e04e7256de865aa66fe25cec5fb912d3f"
